{
  "version": 4,
  "terraform_version": "1.5.2",
  "serial": 36,
  "lineage": "f20e2dc4-4b91-f727-8b74-b6ebae5b32dd",
  "outputs": {
    "public-lb-dns": {
      "value": "Public-LB-457041201.us-east-1.elb.amazonaws.com",
      "type": "string"
    }
  },
  "resources": [
    {
      "mode": "managed",
      "type": "aws_dynamodb_table",
      "name": "state-lock",
      "provider": "provider[\"registry.terraform.io/hashicorp/aws\"]",
      "instances": [
        {
          "schema_version": 1,
          "attributes": {
            "arn": "arn:aws:dynamodb:us-east-1:817775426354:table/terraform-state-lock",
            "attribute": [
              {
                "name": "LockID",
                "type": "S"
              }
            ],
            "billing_mode": "PAY_PER_REQUEST",
            "deletion_protection_enabled": false,
            "global_secondary_index": [],
            "hash_key": "LockID",
            "id": "terraform-state-lock",
            "local_secondary_index": [],
            "name": "terraform-state-lock",
            "point_in_time_recovery": [
              {
                "enabled": false
              }
            ],
            "range_key": null,
            "read_capacity": 0,
            "replica": [],
            "restore_date_time": null,
            "restore_source_name": null,
            "restore_to_latest_time": null,
            "server_side_encryption": [],
            "stream_arn": "",
            "stream_enabled": false,
            "stream_label": "",
            "stream_view_type": "",
            "table_class": "STANDARD",
            "tags": null,
            "tags_all": {},
            "timeouts": null,
            "ttl": [
              {
                "attribute_name": "",
                "enabled": false
              }
            ],
            "write_capacity": 0
          },
          "sensitive_attributes": [],
          "private": "eyJlMmJmYjczMC1lY2FhLTExZTYtOGY4OC0zNDM2M2JjN2M0YzAiOnsiY3JlYXRlIjoxODAwMDAwMDAwMDAwLCJkZWxldGUiOjYwMDAwMDAwMDAwMCwidXBkYXRlIjozNjAwMDAwMDAwMDAwfSwic2NoZW1hX3ZlcnNpb24iOiIxIn0="
        }
      ]
    },
    {
      "mode": "managed",
      "type": "aws_s3_bucket",
      "name": "terraform-state",
      "provider": "provider[\"registry.terraform.io/hashicorp/aws\"]",
      "instances": [
        {
          "schema_version": 0,
          "attributes": {
            "acceleration_status": "",
            "acl": null,
            "arn": "arn:aws:s3:::sprint-amr-bucket",
            "bucket": "sprint-amr-bucket",
            "bucket_domain_name": "sprint-amr-bucket.s3.amazonaws.com",
            "bucket_prefix": "",
            "bucket_regional_domain_name": "sprint-amr-bucket.s3.us-east-1.amazonaws.com",
            "cors_rule": [],
            "force_destroy": false,
            "grant": [
              {
                "id": "7b573d055704424c5c97f7ae41a25c4b931cc933474d92cb23b605b07c59fbcf",
                "permissions": [
                  "FULL_CONTROL"
                ],
                "type": "CanonicalUser",
                "uri": ""
              }
            ],
            "hosted_zone_id": "Z3AQBSTGFYJSTF",
            "id": "sprint-amr-bucket",
            "lifecycle_rule": [],
            "logging": [],
            "object_lock_configuration": [],
            "object_lock_enabled": false,
            "policy": "",
            "region": "us-east-1",
            "replication_configuration": [],
            "request_payer": "BucketOwner",
            "server_side_encryption_configuration": [
              {
                "rule": [
                  {
                    "apply_server_side_encryption_by_default": [
                      {
                        "kms_master_key_id": "",
                        "sse_algorithm": "AES256"
                      }
                    ],
                    "bucket_key_enabled": false
                  }
                ]
              }
            ],
            "tags": null,
            "tags_all": {},
            "timeouts": null,
            "versioning": [
              {
                "enabled": false,
                "mfa_delete": false
              }
            ],
            "website": [],
            "website_domain": null,
            "website_endpoint": null
          },
          "sensitive_attributes": [],
          "private": "eyJlMmJmYjczMC1lY2FhLTExZTYtOGY4OC0zNDM2M2JjN2M0YzAiOnsiY3JlYXRlIjoxMjAwMDAwMDAwMDAwLCJkZWxldGUiOjM2MDAwMDAwMDAwMDAsInJlYWQiOjEyMDAwMDAwMDAwMDAsInVwZGF0ZSI6MTIwMDAwMDAwMDAwMH19"
        }
      ]
    },
    {
      "mode": "managed",
      "type": "aws_s3_bucket_versioning",
      "name": "versioning",
      "provider": "provider[\"registry.terraform.io/hashicorp/aws\"]",
      "instances": [
        {
          "schema_version": 0,
          "attributes": {
            "bucket": "sprint-amr-bucket",
            "expected_bucket_owner": "",
            "id": "sprint-amr-bucket",
            "mfa": null,
            "versioning_configuration": [
              {
                "mfa_delete": "",
                "status": "Enabled"
              }
            ]
          },
          "sensitive_attributes": [],
          "private": "bnVsbA==",
          "dependencies": [
            "aws_s3_bucket.terraform-state"
          ]
        }
      ]
    },
    {
      "module": "module.tf-igw",
      "mode": "managed",
      "type": "aws_internet_gateway",
      "name": "igw",
      "provider": "provider[\"registry.terraform.io/hashicorp/aws\"]",
      "instances": [
        {
          "schema_version": 0,
          "attributes": {
            "arn": "arn:aws:ec2:us-east-1:817775426354:internet-gateway/igw-0c614653809c6f0a4",
            "id": "igw-0c614653809c6f0a4",
            "owner_id": "817775426354",
            "tags": {
              "Name": "sprints-igw"
            },
            "tags_all": {
              "Name": "sprints-igw"
            },
            "timeouts": null,
            "vpc_id": "vpc-0a43a3e161f39d6e8"
          },
          "sensitive_attributes": [],
          "private": "eyJlMmJmYjczMC1lY2FhLTExZTYtOGY4OC0zNDM2M2JjN2M0YzAiOnsiY3JlYXRlIjoxMjAwMDAwMDAwMDAwLCJkZWxldGUiOjEyMDAwMDAwMDAwMDAsInVwZGF0ZSI6MTIwMDAwMDAwMDAwMH19",
          "dependencies": [
            "module.tf-vpc.aws_vpc.sprints_vpc"
          ]
        }
      ]
    },
    {
      "module": "module.tf-instance",
      "mode": "data",
      "type": "aws_ami",
      "name": "amazon_ec2",
      "provider": "provider[\"registry.terraform.io/hashicorp/aws\"]",
      "instances": [
        {
          "schema_version": 0,
          "attributes": {
            "architecture": "x86_64",
            "arn": "arn:aws:ec2:us-east-1::image/ami-03a4363a7d864a093",
            "block_device_mappings": [
              {
                "device_name": "/dev/sda1",
                "ebs": {
                  "delete_on_termination": "true",
                  "encrypted": "false",
                  "iops": "0",
                  "snapshot_id": "snap-0dab33c9b7df675c3",
                  "throughput": "0",
                  "volume_size": "8",
                  "volume_type": "gp2"
                },
                "no_device": "",
                "virtual_name": ""
              },
              {
                "device_name": "/dev/sdb",
                "ebs": {},
                "no_device": "",
                "virtual_name": "ephemeral0"
              },
              {
                "device_name": "/dev/sdc",
                "ebs": {},
                "no_device": "",
                "virtual_name": "ephemeral1"
              }
            ],
            "boot_mode": "legacy-bios",
            "creation_date": "2023-07-11T06:44:17.000Z",
            "deprecation_time": "2025-07-11T06:44:17.000Z",
            "description": "Canonical, Ubuntu, 22.04 LTS, amd64 jammy image build on 2023-07-11",
            "ena_support": true,
            "executable_users": null,
            "filter": [
              {
                "name": "name",
                "values": [
                  "ubuntu/images/hvm-ssd/ubuntu-jammy-22.04-amd64-server-*"
                ]
              },
              {
                "name": "virtualization-type",
                "values": [
                  "hvm"
                ]
              }
            ],
            "hypervisor": "xen",
            "id": "ami-03a4363a7d864a093",
            "image_id": "ami-03a4363a7d864a093",
            "image_location": "amazon/ubuntu/images/hvm-ssd/ubuntu-jammy-22.04-amd64-server-20230711",
            "image_owner_alias": "amazon",
            "image_type": "machine",
            "imds_support": "",
            "include_deprecated": false,
            "kernel_id": "",
            "most_recent": true,
            "name": "ubuntu/images/hvm-ssd/ubuntu-jammy-22.04-amd64-server-20230711",
            "name_regex": null,
            "owner_id": "099720109477",
            "owners": [
              "099720109477"
            ],
            "platform": "",
            "platform_details": "Linux/UNIX",
            "product_codes": [],
            "public": true,
            "ramdisk_id": "",
            "root_device_name": "/dev/sda1",
            "root_device_type": "ebs",
            "root_snapshot_id": "snap-0dab33c9b7df675c3",
            "sriov_net_support": "simple",
            "state": "available",
            "state_reason": {
              "code": "UNSET",
              "message": "UNSET"
            },
            "tags": {},
            "timeouts": null,
            "tpm_support": "",
            "usage_operation": "RunInstances",
            "virtualization_type": "hvm"
          },
          "sensitive_attributes": []
        }
      ]
    },
    {
      "module": "module.tf-instance",
      "mode": "managed",
      "type": "aws_instance",
      "name": "ec2-pri",
      "provider": "provider[\"registry.terraform.io/hashicorp/aws\"]",
      "instances": [
        {
          "index_key": 0,
          "schema_version": 1,
          "attributes": {
            "ami": "ami-03a4363a7d864a093",
            "arn": "arn:aws:ec2:us-east-1:817775426354:instance/i-003ff6f2446ebe67a",
            "associate_public_ip_address": true,
            "availability_zone": "us-east-1a",
            "capacity_reservation_specification": [
              {
                "capacity_reservation_preference": "open",
                "capacity_reservation_target": []
              }
            ],
            "cpu_core_count": 1,
            "cpu_options": [
              {
                "amd_sev_snp": "",
                "core_count": 1,
                "threads_per_core": 1
              }
            ],
            "cpu_threads_per_core": 1,
            "credit_specification": [
              {
                "cpu_credits": "standard"
              }
            ],
            "disable_api_stop": false,
            "disable_api_termination": false,
            "ebs_block_device": [],
            "ebs_optimized": false,
            "enclave_options": [
              {
                "enabled": false
              }
            ],
            "ephemeral_block_device": [],
            "get_password_data": false,
            "hibernation": false,
            "host_id": "",
            "host_resource_group_arn": null,
            "iam_instance_profile": "",
            "id": "i-003ff6f2446ebe67a",
            "instance_initiated_shutdown_behavior": "stop",
            "instance_lifecycle": "",
            "instance_market_options": [],
            "instance_state": "running",
            "instance_type": "t2.micro",
            "ipv6_address_count": 0,
            "ipv6_addresses": [],
            "key_name": "nginx",
            "launch_template": [],
            "maintenance_options": [
              {
                "auto_recovery": "default"
              }
            ],
            "metadata_options": [
              {
                "http_endpoint": "enabled",
                "http_put_response_hop_limit": 1,
                "http_tokens": "optional",
                "instance_metadata_tags": "disabled"
              }
            ],
            "monitoring": false,
            "network_interface": [],
            "outpost_arn": "",
            "password_data": "",
            "placement_group": "",
            "placement_partition_number": 0,
            "primary_network_interface_id": "eni-05b503a318300ff3c",
            "private_dns": "ip-10-0-1-217.ec2.internal",
            "private_dns_name_options": [
              {
                "enable_resource_name_dns_a_record": false,
                "enable_resource_name_dns_aaaa_record": false,
                "hostname_type": "ip-name"
              }
            ],
            "private_ip": "10.0.1.217",
            "public_dns": "",
            "public_ip": "54.173.35.204",
            "root_block_device": [
              {
                "delete_on_termination": true,
                "device_name": "/dev/sda1",
                "encrypted": false,
                "iops": 100,
                "kms_key_id": "",
                "tags": {},
                "throughput": 0,
                "volume_id": "vol-09c93787ad7d8c7dc",
                "volume_size": 8,
                "volume_type": "gp2"
              }
            ],
            "secondary_private_ips": [],
            "security_groups": [],
            "source_dest_check": true,
            "spot_instance_request_id": "",
            "subnet_id": "subnet-00195fda9b0b30b3f",
            "tags": {
              "Name": "Private-Instance-0"
            },
            "tags_all": {
              "Name": "Private-Instance-0"
            },
            "tenancy": "default",
            "timeouts": null,
            "user_data": "703ea18f3f239bc1440ac82efaf3e42ebdfad730",
            "user_data_base64": null,
            "user_data_replace_on_change": false,
            "volume_tags": null,
            "vpc_security_group_ids": [
              "sg-0a0f25d70a04b38b5"
            ]
          },
          "sensitive_attributes": [],
          "private": "eyJlMmJmYjczMC1lY2FhLTExZTYtOGY4OC0zNDM2M2JjN2M0YzAiOnsiY3JlYXRlIjo2MDAwMDAwMDAwMDAsImRlbGV0ZSI6MTIwMDAwMDAwMDAwMCwidXBkYXRlIjo2MDAwMDAwMDAwMDB9LCJzY2hlbWFfdmVyc2lvbiI6IjEifQ==",
          "dependencies": [
            "module.tf-instance.data.aws_ami.amazon_ec2",
            "module.tf-security-group.aws_security_group.sg_pri",
            "module.tf-subnet.aws_subnet.subnets-private",
            "module.tf-vpc.aws_vpc.sprints_vpc"
          ]
        },
        {
          "index_key": 1,
          "schema_version": 1,
          "attributes": {
            "ami": "ami-03a4363a7d864a093",
            "arn": "arn:aws:ec2:us-east-1:817775426354:instance/i-00522bc1339a9e0fa",
            "associate_public_ip_address": true,
            "availability_zone": "us-east-1b",
            "capacity_reservation_specification": [
              {
                "capacity_reservation_preference": "open",
                "capacity_reservation_target": []
              }
            ],
            "cpu_core_count": 1,
            "cpu_options": [
              {
                "amd_sev_snp": "",
                "core_count": 1,
                "threads_per_core": 1
              }
            ],
            "cpu_threads_per_core": 1,
            "credit_specification": [
              {
                "cpu_credits": "standard"
              }
            ],
            "disable_api_stop": false,
            "disable_api_termination": false,
            "ebs_block_device": [],
            "ebs_optimized": false,
            "enclave_options": [
              {
                "enabled": false
              }
            ],
            "ephemeral_block_device": [],
            "get_password_data": false,
            "hibernation": false,
            "host_id": "",
            "host_resource_group_arn": null,
            "iam_instance_profile": "",
            "id": "i-00522bc1339a9e0fa",
            "instance_initiated_shutdown_behavior": "stop",
            "instance_lifecycle": "",
            "instance_market_options": [],
            "instance_state": "running",
            "instance_type": "t2.micro",
            "ipv6_address_count": 0,
            "ipv6_addresses": [],
            "key_name": "nginx",
            "launch_template": [],
            "maintenance_options": [
              {
                "auto_recovery": "default"
              }
            ],
            "metadata_options": [
              {
                "http_endpoint": "enabled",
                "http_put_response_hop_limit": 1,
                "http_tokens": "optional",
                "instance_metadata_tags": "disabled"
              }
            ],
            "monitoring": false,
            "network_interface": [],
            "outpost_arn": "",
            "password_data": "",
            "placement_group": "",
            "placement_partition_number": 0,
            "primary_network_interface_id": "eni-0a2755b66d5741619",
            "private_dns": "ip-10-0-3-55.ec2.internal",
            "private_dns_name_options": [
              {
                "enable_resource_name_dns_a_record": false,
                "enable_resource_name_dns_aaaa_record": false,
                "hostname_type": "ip-name"
              }
            ],
            "private_ip": "10.0.3.55",
            "public_dns": "",
            "public_ip": "54.236.29.9",
            "root_block_device": [
              {
                "delete_on_termination": true,
                "device_name": "/dev/sda1",
                "encrypted": false,
                "iops": 100,
                "kms_key_id": "",
                "tags": {},
                "throughput": 0,
                "volume_id": "vol-02ff399340e01fc4e",
                "volume_size": 8,
                "volume_type": "gp2"
              }
            ],
            "secondary_private_ips": [],
            "security_groups": [],
            "source_dest_check": true,
            "spot_instance_request_id": "",
            "subnet_id": "subnet-04a98d27b5f221342",
            "tags": {
              "Name": "Private-Instance-1"
            },
            "tags_all": {
              "Name": "Private-Instance-1"
            },
            "tenancy": "default",
            "timeouts": null,
            "user_data": "703ea18f3f239bc1440ac82efaf3e42ebdfad730",
            "user_data_base64": null,
            "user_data_replace_on_change": false,
            "volume_tags": null,
            "vpc_security_group_ids": [
              "sg-0a0f25d70a04b38b5"
            ]
          },
          "sensitive_attributes": [],
          "private": "eyJlMmJmYjczMC1lY2FhLTExZTYtOGY4OC0zNDM2M2JjN2M0YzAiOnsiY3JlYXRlIjo2MDAwMDAwMDAwMDAsImRlbGV0ZSI6MTIwMDAwMDAwMDAwMCwidXBkYXRlIjo2MDAwMDAwMDAwMDB9LCJzY2hlbWFfdmVyc2lvbiI6IjEifQ==",
          "dependencies": [
            "module.tf-instance.data.aws_ami.amazon_ec2",
            "module.tf-security-group.aws_security_group.sg_pri",
            "module.tf-subnet.aws_subnet.subnets-private",
            "module.tf-vpc.aws_vpc.sprints_vpc"
          ]
        }
      ]
    },
    {
      "module": "module.tf-instance",
      "mode": "managed",
      "type": "aws_instance",
      "name": "ec2-pub",
      "provider": "provider[\"registry.terraform.io/hashicorp/aws\"]",
      "instances": [
        {
          "index_key": 0,
          "schema_version": 1,
          "attributes": {
            "ami": "ami-03a4363a7d864a093",
            "arn": "arn:aws:ec2:us-east-1:817775426354:instance/i-0d5e1f675ee54c14d",
            "associate_public_ip_address": true,
            "availability_zone": "us-east-1a",
            "capacity_reservation_specification": [
              {
                "capacity_reservation_preference": "open",
                "capacity_reservation_target": []
              }
            ],
            "cpu_core_count": 1,
            "cpu_options": [
              {
                "amd_sev_snp": "",
                "core_count": 1,
                "threads_per_core": 1
              }
            ],
            "cpu_threads_per_core": 1,
            "credit_specification": [
              {
                "cpu_credits": "standard"
              }
            ],
            "disable_api_stop": false,
            "disable_api_termination": false,
            "ebs_block_device": [],
            "ebs_optimized": false,
            "enclave_options": [
              {
                "enabled": false
              }
            ],
            "ephemeral_block_device": [],
            "get_password_data": false,
            "hibernation": false,
            "host_id": "",
            "host_resource_group_arn": null,
            "iam_instance_profile": "",
            "id": "i-0d5e1f675ee54c14d",
            "instance_initiated_shutdown_behavior": "stop",
            "instance_lifecycle": "",
            "instance_market_options": [],
            "instance_state": "running",
            "instance_type": "t2.micro",
            "ipv6_address_count": 0,
            "ipv6_addresses": [],
            "key_name": "nginx",
            "launch_template": [],
            "maintenance_options": [
              {
                "auto_recovery": "default"
              }
            ],
            "metadata_options": [
              {
                "http_endpoint": "enabled",
                "http_put_response_hop_limit": 1,
                "http_tokens": "optional",
                "instance_metadata_tags": "disabled"
              }
            ],
            "monitoring": false,
            "network_interface": [],
            "outpost_arn": "",
            "password_data": "",
            "placement_group": "",
            "placement_partition_number": 0,
            "primary_network_interface_id": "eni-014e82803ff86408f",
            "private_dns": "ip-10-0-0-252.ec2.internal",
            "private_dns_name_options": [
              {
                "enable_resource_name_dns_a_record": false,
                "enable_resource_name_dns_aaaa_record": false,
                "hostname_type": "ip-name"
              }
            ],
            "private_ip": "10.0.0.252",
            "public_dns": "",
            "public_ip": "34.201.114.243",
            "root_block_device": [
              {
                "delete_on_termination": true,
                "device_name": "/dev/sda1",
                "encrypted": false,
                "iops": 100,
                "kms_key_id": "",
                "tags": {},
                "throughput": 0,
                "volume_id": "vol-0d76ccd4df93c034b",
                "volume_size": 8,
                "volume_type": "gp2"
              }
            ],
            "secondary_private_ips": [],
            "security_groups": [],
            "source_dest_check": true,
            "spot_instance_request_id": "",
            "subnet_id": "subnet-06c28c51eb4c549c6",
            "tags": {
              "Name": "Public-Instance-0"
            },
            "tags_all": {
              "Name": "Public-Instance-0"
            },
            "tenancy": "default",
            "timeouts": null,
            "user_data": null,
            "user_data_base64": null,
            "user_data_replace_on_change": false,
            "volume_tags": null,
            "vpc_security_group_ids": [
              "sg-0d2751d25f646b05a"
            ]
          },
          "sensitive_attributes": [],
          "private": "eyJlMmJmYjczMC1lY2FhLTExZTYtOGY4OC0zNDM2M2JjN2M0YzAiOnsiY3JlYXRlIjo2MDAwMDAwMDAwMDAsImRlbGV0ZSI6MTIwMDAwMDAwMDAwMCwidXBkYXRlIjo2MDAwMDAwMDAwMDB9LCJzY2hlbWFfdmVyc2lvbiI6IjEifQ==",
          "dependencies": [
            "module.tf-instance.data.aws_ami.amazon_ec2",
            "module.tf-load-balancer.aws_lb.private-lb",
            "module.tf-security-group.aws_security_group.sg_lb_private",
            "module.tf-security-group.aws_security_group.sg_pub",
            "module.tf-subnet.aws_subnet.subnets-private",
            "module.tf-subnet.aws_subnet.subnets-pub",
            "module.tf-vpc.aws_vpc.sprints_vpc"
          ]
        },
        {
          "index_key": 1,
          "schema_version": 1,
          "attributes": {
            "ami": "ami-03a4363a7d864a093",
            "arn": "arn:aws:ec2:us-east-1:817775426354:instance/i-051b0e873cc7e96cf",
            "associate_public_ip_address": true,
            "availability_zone": "us-east-1b",
            "capacity_reservation_specification": [
              {
                "capacity_reservation_preference": "open",
                "capacity_reservation_target": []
              }
            ],
            "cpu_core_count": 1,
            "cpu_options": [
              {
                "amd_sev_snp": "",
                "core_count": 1,
                "threads_per_core": 1
              }
            ],
            "cpu_threads_per_core": 1,
            "credit_specification": [
              {
                "cpu_credits": "standard"
              }
            ],
            "disable_api_stop": false,
            "disable_api_termination": false,
            "ebs_block_device": [],
            "ebs_optimized": false,
            "enclave_options": [
              {
                "enabled": false
              }
            ],
            "ephemeral_block_device": [],
            "get_password_data": false,
            "hibernation": false,
            "host_id": "",
            "host_resource_group_arn": null,
            "iam_instance_profile": "",
            "id": "i-051b0e873cc7e96cf",
            "instance_initiated_shutdown_behavior": "stop",
            "instance_lifecycle": "",
            "instance_market_options": [],
            "instance_state": "running",
            "instance_type": "t2.micro",
            "ipv6_address_count": 0,
            "ipv6_addresses": [],
            "key_name": "nginx",
            "launch_template": [],
            "maintenance_options": [
              {
                "auto_recovery": "default"
              }
            ],
            "metadata_options": [
              {
                "http_endpoint": "enabled",
                "http_put_response_hop_limit": 1,
                "http_tokens": "optional",
                "instance_metadata_tags": "disabled"
              }
            ],
            "monitoring": false,
            "network_interface": [],
            "outpost_arn": "",
            "password_data": "",
            "placement_group": "",
            "placement_partition_number": 0,
            "primary_network_interface_id": "eni-084bf3fd68948166e",
            "private_dns": "ip-10-0-2-140.ec2.internal",
            "private_dns_name_options": [
              {
                "enable_resource_name_dns_a_record": false,
                "enable_resource_name_dns_aaaa_record": false,
                "hostname_type": "ip-name"
              }
            ],
            "private_ip": "10.0.2.140",
            "public_dns": "",
            "public_ip": "54.82.59.169",
            "root_block_device": [
              {
                "delete_on_termination": true,
                "device_name": "/dev/sda1",
                "encrypted": false,
                "iops": 100,
                "kms_key_id": "",
                "tags": {},
                "throughput": 0,
                "volume_id": "vol-0208ba707ca253fde",
                "volume_size": 8,
                "volume_type": "gp2"
              }
            ],
            "secondary_private_ips": [],
            "security_groups": [],
            "source_dest_check": true,
            "spot_instance_request_id": "",
            "subnet_id": "subnet-03f508851217417d4",
            "tags": {
              "Name": "Public-Instance-1"
            },
            "tags_all": {
              "Name": "Public-Instance-1"
            },
            "tenancy": "default",
            "timeouts": null,
            "user_data": null,
            "user_data_base64": null,
            "user_data_replace_on_change": false,
            "volume_tags": null,
            "vpc_security_group_ids": [
              "sg-0d2751d25f646b05a"
            ]
          },
          "sensitive_attributes": [],
          "private": "eyJlMmJmYjczMC1lY2FhLTExZTYtOGY4OC0zNDM2M2JjN2M0YzAiOnsiY3JlYXRlIjo2MDAwMDAwMDAwMDAsImRlbGV0ZSI6MTIwMDAwMDAwMDAwMCwidXBkYXRlIjo2MDAwMDAwMDAwMDB9LCJzY2hlbWFfdmVyc2lvbiI6IjEifQ==",
          "dependencies": [
            "module.tf-instance.data.aws_ami.amazon_ec2",
            "module.tf-load-balancer.aws_lb.private-lb",
            "module.tf-security-group.aws_security_group.sg_lb_private",
            "module.tf-security-group.aws_security_group.sg_pub",
            "module.tf-subnet.aws_subnet.subnets-private",
            "module.tf-subnet.aws_subnet.subnets-pub",
            "module.tf-vpc.aws_vpc.sprints_vpc"
          ]
        }
      ]
    },
    {
      "module": "module.tf-instance",
      "mode": "managed",
      "type": "aws_lb_target_group_attachment",
      "name": "attach-tg-pri",
      "provider": "provider[\"registry.terraform.io/hashicorp/aws\"]",
      "instances": [
        {
          "index_key": 0,
          "schema_version": 0,
          "attributes": {
            "availability_zone": null,
            "id": "arn:aws:elasticloadbalancing:us-east-1:817775426354:targetgroup/Private-tg/817a4d886cf0fcb4-2023071715574556740000000d",
            "port": 80,
            "target_group_arn": "arn:aws:elasticloadbalancing:us-east-1:817775426354:targetgroup/Private-tg/817a4d886cf0fcb4",
            "target_id": "i-003ff6f2446ebe67a"
          },
          "sensitive_attributes": [],
          "private": "bnVsbA==",
          "dependencies": [
            "module.tf-instance.aws_instance.ec2-pri",
            "module.tf-instance.aws_instance.ec2-pub",
            "module.tf-instance.data.aws_ami.amazon_ec2",
            "module.tf-load-balancer.aws_lb.private-lb",
            "module.tf-load-balancer.aws_lb_target_group.private-tg",
            "module.tf-security-group.aws_security_group.sg_lb_private",
            "module.tf-security-group.aws_security_group.sg_pri",
            "module.tf-security-group.aws_security_group.sg_pub",
            "module.tf-subnet.aws_subnet.subnets-private",
            "module.tf-subnet.aws_subnet.subnets-pub",
            "module.tf-vpc.aws_vpc.sprints_vpc"
          ]
        },
        {
          "index_key": 1,
          "schema_version": 0,
          "attributes": {
            "availability_zone": null,
            "id": "arn:aws:elasticloadbalancing:us-east-1:817775426354:targetgroup/Private-tg/817a4d886cf0fcb4-2023071715574548910000000b",
            "port": 80,
            "target_group_arn": "arn:aws:elasticloadbalancing:us-east-1:817775426354:targetgroup/Private-tg/817a4d886cf0fcb4",
            "target_id": "i-00522bc1339a9e0fa"
          },
          "sensitive_attributes": [],
          "private": "bnVsbA==",
          "dependencies": [
            "module.tf-instance.aws_instance.ec2-pri",
            "module.tf-instance.aws_instance.ec2-pub",
            "module.tf-instance.data.aws_ami.amazon_ec2",
            "module.tf-load-balancer.aws_lb.private-lb",
            "module.tf-load-balancer.aws_lb_target_group.private-tg",
            "module.tf-security-group.aws_security_group.sg_lb_private",
            "module.tf-security-group.aws_security_group.sg_pri",
            "module.tf-security-group.aws_security_group.sg_pub",
            "module.tf-subnet.aws_subnet.subnets-private",
            "module.tf-subnet.aws_subnet.subnets-pub",
            "module.tf-vpc.aws_vpc.sprints_vpc"
          ]
        }
      ]
    },
    {
      "module": "module.tf-instance",
      "mode": "managed",
      "type": "aws_lb_target_group_attachment",
      "name": "attach-tg-pub",
      "provider": "provider[\"registry.terraform.io/hashicorp/aws\"]",
      "instances": [
        {
          "index_key": 0,
          "schema_version": 0,
          "attributes": {
            "availability_zone": null,
            "id": "arn:aws:elasticloadbalancing:us-east-1:817775426354:targetgroup/Public-tg/2ab2e5f38aeaa960-2023071715574553710000000c",
            "port": 80,
            "target_group_arn": "arn:aws:elasticloadbalancing:us-east-1:817775426354:targetgroup/Public-tg/2ab2e5f38aeaa960",
            "target_id": "i-0d5e1f675ee54c14d"
          },
          "sensitive_attributes": [],
          "private": "bnVsbA==",
          "dependencies": [
            "module.tf-instance.aws_instance.ec2-pub",
            "module.tf-instance.data.aws_ami.amazon_ec2",
            "module.tf-load-balancer.aws_lb.private-lb",
            "module.tf-load-balancer.aws_lb_target_group.public-tg",
            "module.tf-security-group.aws_security_group.sg_lb_private",
            "module.tf-security-group.aws_security_group.sg_pub",
            "module.tf-subnet.aws_subnet.subnets-private",
            "module.tf-subnet.aws_subnet.subnets-pub",
            "module.tf-vpc.aws_vpc.sprints_vpc"
          ]
        },
        {
          "index_key": 1,
          "schema_version": 0,
          "attributes": {
            "availability_zone": null,
            "id": "arn:aws:elasticloadbalancing:us-east-1:817775426354:targetgroup/Public-tg/2ab2e5f38aeaa960-2023071715574541290000000a",
            "port": 80,
            "target_group_arn": "arn:aws:elasticloadbalancing:us-east-1:817775426354:targetgroup/Public-tg/2ab2e5f38aeaa960",
            "target_id": "i-051b0e873cc7e96cf"
          },
          "sensitive_attributes": [],
          "private": "bnVsbA==",
          "dependencies": [
            "module.tf-instance.aws_instance.ec2-pub",
            "module.tf-instance.data.aws_ami.amazon_ec2",
            "module.tf-load-balancer.aws_lb.private-lb",
            "module.tf-load-balancer.aws_lb_target_group.public-tg",
            "module.tf-security-group.aws_security_group.sg_lb_private",
            "module.tf-security-group.aws_security_group.sg_pub",
            "module.tf-subnet.aws_subnet.subnets-private",
            "module.tf-subnet.aws_subnet.subnets-pub",
            "module.tf-vpc.aws_vpc.sprints_vpc"
          ]
        }
      ]
    },
    {
      "module": "module.tf-load-balancer",
      "mode": "managed",
      "type": "aws_lb",
      "name": "private-lb",
      "provider": "provider[\"registry.terraform.io/hashicorp/aws\"]",
      "instances": [
        {
          "schema_version": 0,
          "attributes": {
            "access_logs": [
              {
                "bucket": "",
                "enabled": false,
                "prefix": ""
              }
            ],
            "arn": "arn:aws:elasticloadbalancing:us-east-1:817775426354:loadbalancer/app/Private-LB/c720d194d40495c0",
            "arn_suffix": "app/Private-LB/c720d194d40495c0",
            "customer_owned_ipv4_pool": "",
            "desync_mitigation_mode": "defensive",
            "dns_name": "internal-Private-LB-628780796.us-east-1.elb.amazonaws.com",
            "drop_invalid_header_fields": false,
            "enable_cross_zone_load_balancing": true,
            "enable_deletion_protection": false,
            "enable_http2": true,
            "enable_tls_version_and_cipher_suite_headers": false,
            "enable_waf_fail_open": false,
            "enable_xff_client_port": false,
            "id": "arn:aws:elasticloadbalancing:us-east-1:817775426354:loadbalancer/app/Private-LB/c720d194d40495c0",
            "idle_timeout": 60,
            "internal": true,
            "ip_address_type": "ipv4",
            "load_balancer_type": "application",
            "name": "Private-LB",
            "name_prefix": null,
            "preserve_host_header": false,
            "security_groups": [
              "sg-086c07345d5ed183d"
            ],
            "subnet_mapping": [
              {
                "allocation_id": "",
                "ipv6_address": "",
                "outpost_id": "",
                "private_ipv4_address": "",
                "subnet_id": "subnet-00195fda9b0b30b3f"
              },
              {
                "allocation_id": "",
                "ipv6_address": "",
                "outpost_id": "",
                "private_ipv4_address": "",
                "subnet_id": "subnet-04a98d27b5f221342"
              }
            ],
            "subnets": [
              "subnet-00195fda9b0b30b3f",
              "subnet-04a98d27b5f221342"
            ],
            "tags": null,
            "tags_all": {},
            "timeouts": null,
            "vpc_id": "vpc-0a43a3e161f39d6e8",
            "xff_header_processing_mode": "append",
            "zone_id": "Z35SXDOTRQ7X7K"
          },
          "sensitive_attributes": [],
          "private": "eyJlMmJmYjczMC1lY2FhLTExZTYtOGY4OC0zNDM2M2JjN2M0YzAiOnsiY3JlYXRlIjo2MDAwMDAwMDAwMDAsImRlbGV0ZSI6NjAwMDAwMDAwMDAwLCJ1cGRhdGUiOjYwMDAwMDAwMDAwMH19",
          "dependencies": [
            "module.tf-security-group.aws_security_group.sg_lb_private",
            "module.tf-subnet.aws_subnet.subnets-private",
            "module.tf-vpc.aws_vpc.sprints_vpc"
          ]
        }
      ]
    },
    {
      "module": "module.tf-load-balancer",
      "mode": "managed",
      "type": "aws_lb",
      "name": "public-lb",
      "provider": "provider[\"registry.terraform.io/hashicorp/aws\"]",
      "instances": [
        {
          "schema_version": 0,
          "attributes": {
            "access_logs": [
              {
                "bucket": "",
                "enabled": false,
                "prefix": ""
              }
            ],
            "arn": "arn:aws:elasticloadbalancing:us-east-1:817775426354:loadbalancer/app/Public-LB/71a45fa6e98f82c5",
            "arn_suffix": "app/Public-LB/71a45fa6e98f82c5",
            "customer_owned_ipv4_pool": "",
            "desync_mitigation_mode": "defensive",
            "dns_name": "Public-LB-457041201.us-east-1.elb.amazonaws.com",
            "drop_invalid_header_fields": false,
            "enable_cross_zone_load_balancing": true,
            "enable_deletion_protection": false,
            "enable_http2": true,
            "enable_tls_version_and_cipher_suite_headers": false,
            "enable_waf_fail_open": false,
            "enable_xff_client_port": false,
            "id": "arn:aws:elasticloadbalancing:us-east-1:817775426354:loadbalancer/app/Public-LB/71a45fa6e98f82c5",
            "idle_timeout": 60,
            "internal": false,
            "ip_address_type": "ipv4",
            "load_balancer_type": "application",
            "name": "Public-LB",
            "name_prefix": null,
            "preserve_host_header": false,
            "security_groups": [
              "sg-0db58ce4c76e125fe"
            ],
            "subnet_mapping": [
              {
                "allocation_id": "",
                "ipv6_address": "",
                "outpost_id": "",
                "private_ipv4_address": "",
                "subnet_id": "subnet-03f508851217417d4"
              },
              {
                "allocation_id": "",
                "ipv6_address": "",
                "outpost_id": "",
                "private_ipv4_address": "",
                "subnet_id": "subnet-06c28c51eb4c549c6"
              }
            ],
            "subnets": [
              "subnet-03f508851217417d4",
              "subnet-06c28c51eb4c549c6"
            ],
            "tags": null,
            "tags_all": {},
            "timeouts": null,
            "vpc_id": "vpc-0a43a3e161f39d6e8",
            "xff_header_processing_mode": "append",
            "zone_id": "Z35SXDOTRQ7X7K"
          },
          "sensitive_attributes": [],
          "private": "eyJlMmJmYjczMC1lY2FhLTExZTYtOGY4OC0zNDM2M2JjN2M0YzAiOnsiY3JlYXRlIjo2MDAwMDAwMDAwMDAsImRlbGV0ZSI6NjAwMDAwMDAwMDAwLCJ1cGRhdGUiOjYwMDAwMDAwMDAwMH19",
          "dependencies": [
            "module.tf-security-group.aws_security_group.sg_lb_pub",
            "module.tf-subnet.aws_subnet.subnets-pub",
            "module.tf-vpc.aws_vpc.sprints_vpc"
          ]
        }
      ]
    },
    {
      "module": "module.tf-load-balancer",
      "mode": "managed",
      "type": "aws_lb_listener",
      "name": "private_listener",
      "provider": "provider[\"registry.terraform.io/hashicorp/aws\"]",
      "instances": [
        {
          "schema_version": 0,
          "attributes": {
            "alpn_policy": null,
            "arn": "arn:aws:elasticloadbalancing:us-east-1:817775426354:listener/app/Private-LB/c720d194d40495c0/d35d5b870f3ff447",
            "certificate_arn": null,
            "default_action": [
              {
                "authenticate_cognito": [],
                "authenticate_oidc": [],
                "fixed_response": [],
                "forward": [],
                "order": 1,
                "redirect": [],
                "target_group_arn": "arn:aws:elasticloadbalancing:us-east-1:817775426354:targetgroup/Private-tg/817a4d886cf0fcb4",
                "type": "forward"
              }
            ],
            "id": "arn:aws:elasticloadbalancing:us-east-1:817775426354:listener/app/Private-LB/c720d194d40495c0/d35d5b870f3ff447",
            "load_balancer_arn": "arn:aws:elasticloadbalancing:us-east-1:817775426354:loadbalancer/app/Private-LB/c720d194d40495c0",
            "port": 80,
            "protocol": "HTTP",
            "ssl_policy": "",
            "tags": null,
            "tags_all": {},
            "timeouts": null
          },
          "sensitive_attributes": [],
          "private": "eyJlMmJmYjczMC1lY2FhLTExZTYtOGY4OC0zNDM2M2JjN2M0YzAiOnsicmVhZCI6NjAwMDAwMDAwMDAwfX0=",
          "dependencies": [
            "module.tf-load-balancer.aws_lb.private-lb",
            "module.tf-load-balancer.aws_lb_target_group.private-tg",
            "module.tf-security-group.aws_security_group.sg_lb_private",
            "module.tf-subnet.aws_subnet.subnets-private",
            "module.tf-vpc.aws_vpc.sprints_vpc"
          ]
        }
      ]
    },
    {
      "module": "module.tf-load-balancer",
      "mode": "managed",
      "type": "aws_lb_listener",
      "name": "public_listener",
      "provider": "provider[\"registry.terraform.io/hashicorp/aws\"]",
      "instances": [
        {
          "schema_version": 0,
          "attributes": {
            "alpn_policy": null,
            "arn": "arn:aws:elasticloadbalancing:us-east-1:817775426354:listener/app/Public-LB/71a45fa6e98f82c5/078b1c84e52b49d9",
            "certificate_arn": null,
            "default_action": [
              {
                "authenticate_cognito": [],
                "authenticate_oidc": [],
                "fixed_response": [],
                "forward": [],
                "order": 1,
                "redirect": [],
                "target_group_arn": "arn:aws:elasticloadbalancing:us-east-1:817775426354:targetgroup/Public-tg/2ab2e5f38aeaa960",
                "type": "forward"
              }
            ],
            "id": "arn:aws:elasticloadbalancing:us-east-1:817775426354:listener/app/Public-LB/71a45fa6e98f82c5/078b1c84e52b49d9",
            "load_balancer_arn": "arn:aws:elasticloadbalancing:us-east-1:817775426354:loadbalancer/app/Public-LB/71a45fa6e98f82c5",
            "port": 80,
            "protocol": "HTTP",
            "ssl_policy": "",
            "tags": null,
            "tags_all": {},
            "timeouts": null
          },
          "sensitive_attributes": [],
          "private": "eyJlMmJmYjczMC1lY2FhLTExZTYtOGY4OC0zNDM2M2JjN2M0YzAiOnsicmVhZCI6NjAwMDAwMDAwMDAwfX0=",
          "dependencies": [
            "module.tf-load-balancer.aws_lb.public-lb",
            "module.tf-load-balancer.aws_lb_target_group.public-tg",
            "module.tf-security-group.aws_security_group.sg_lb_pub",
            "module.tf-subnet.aws_subnet.subnets-pub",
            "module.tf-vpc.aws_vpc.sprints_vpc"
          ]
        }
      ]
    },
    {
      "module": "module.tf-load-balancer",
      "mode": "managed",
      "type": "aws_lb_target_group",
      "name": "private-tg",
      "provider": "provider[\"registry.terraform.io/hashicorp/aws\"]",
      "instances": [
        {
          "schema_version": 0,
          "attributes": {
            "arn": "arn:aws:elasticloadbalancing:us-east-1:817775426354:targetgroup/Private-tg/817a4d886cf0fcb4",
            "arn_suffix": "targetgroup/Private-tg/817a4d886cf0fcb4",
            "connection_termination": false,
            "deregistration_delay": "300",
            "health_check": [
              {
                "enabled": true,
                "healthy_threshold": 3,
                "interval": 30,
                "matcher": "200",
                "path": "/",
                "port": "80",
                "protocol": "HTTP",
                "timeout": 5,
                "unhealthy_threshold": 3
              }
            ],
            "id": "arn:aws:elasticloadbalancing:us-east-1:817775426354:targetgroup/Private-tg/817a4d886cf0fcb4",
            "ip_address_type": "ipv4",
            "lambda_multi_value_headers_enabled": false,
            "load_balancing_algorithm_type": "round_robin",
            "load_balancing_cross_zone_enabled": "use_load_balancer_configuration",
            "name": "Private-tg",
            "name_prefix": null,
            "port": 80,
            "preserve_client_ip": null,
            "protocol": "HTTP",
            "protocol_version": "HTTP1",
            "proxy_protocol_v2": false,
            "slow_start": 0,
            "stickiness": [
              {
                "cookie_duration": 86400,
                "cookie_name": "",
                "enabled": false,
                "type": "lb_cookie"
              }
            ],
            "tags": {
              "Name": "tg-private"
            },
            "tags_all": {
              "Name": "tg-private"
            },
            "target_failover": [
              {
                "on_deregistration": null,
                "on_unhealthy": null
              }
            ],
            "target_type": "instance",
            "vpc_id": "vpc-0a43a3e161f39d6e8"
          },
          "sensitive_attributes": [],
          "private": "bnVsbA==",
          "dependencies": [
            "module.tf-vpc.aws_vpc.sprints_vpc"
          ]
        }
      ]
    },
    {
      "module": "module.tf-load-balancer",
      "mode": "managed",
      "type": "aws_lb_target_group",
      "name": "public-tg",
      "provider": "provider[\"registry.terraform.io/hashicorp/aws\"]",
      "instances": [
        {
          "schema_version": 0,
          "attributes": {
            "arn": "arn:aws:elasticloadbalancing:us-east-1:817775426354:targetgroup/Public-tg/2ab2e5f38aeaa960",
            "arn_suffix": "targetgroup/Public-tg/2ab2e5f38aeaa960",
            "connection_termination": false,
            "deregistration_delay": "300",
            "health_check": [
              {
                "enabled": true,
                "healthy_threshold": 3,
                "interval": 30,
                "matcher": "200",
                "path": "/",
                "port": "80",
                "protocol": "HTTP",
                "timeout": 5,
                "unhealthy_threshold": 3
              }
            ],
            "id": "arn:aws:elasticloadbalancing:us-east-1:817775426354:targetgroup/Public-tg/2ab2e5f38aeaa960",
            "ip_address_type": "ipv4",
            "lambda_multi_value_headers_enabled": false,
            "load_balancing_algorithm_type": "round_robin",
            "load_balancing_cross_zone_enabled": "use_load_balancer_configuration",
            "name": "Public-tg",
            "name_prefix": null,
            "port": 80,
            "preserve_client_ip": null,
            "protocol": "HTTP",
            "protocol_version": "HTTP1",
            "proxy_protocol_v2": false,
            "slow_start": 0,
            "stickiness": [
              {
                "cookie_duration": 86400,
                "cookie_name": "",
                "enabled": false,
                "type": "lb_cookie"
              }
            ],
            "tags": {
              "Name": "tg-pub"
            },
            "tags_all": {
              "Name": "tg-pub"
            },
            "target_failover": [
              {
                "on_deregistration": null,
                "on_unhealthy": null
              }
            ],
            "target_type": "instance",
            "vpc_id": "vpc-0a43a3e161f39d6e8"
          },
          "sensitive_attributes": [],
          "private": "bnVsbA==",
          "dependencies": [
            "module.tf-vpc.aws_vpc.sprints_vpc"
          ]
        }
      ]
    },
    {
      "module": "module.tf-nat",
      "mode": "managed",
      "type": "aws_eip",
      "name": "eip",
      "provider": "provider[\"registry.terraform.io/hashicorp/aws\"]",
      "instances": [
        {
          "schema_version": 0,
          "attributes": {
            "address": null,
            "allocation_id": "eipalloc-0bfaf8d9ead2ac32b",
            "associate_with_private_ip": null,
            "association_id": "",
            "carrier_ip": "",
            "customer_owned_ip": "",
            "customer_owned_ipv4_pool": "",
            "domain": "vpc",
            "id": "eipalloc-0bfaf8d9ead2ac32b",
            "instance": "",
            "network_border_group": "us-east-1",
            "network_interface": "",
            "private_dns": null,
            "private_ip": "",
            "public_dns": "ec2-52-206-45-81.compute-1.amazonaws.com",
            "public_ip": "52.206.45.81",
            "public_ipv4_pool": "amazon",
            "tags": null,
            "tags_all": {},
            "timeouts": null,
            "vpc": true
          },
          "sensitive_attributes": [],
          "private": "eyJlMmJmYjczMC1lY2FhLTExZTYtOGY4OC0zNDM2M2JjN2M0YzAiOnsiZGVsZXRlIjoxODAwMDAwMDAwMDAsInJlYWQiOjkwMDAwMDAwMDAwMCwidXBkYXRlIjozMDAwMDAwMDAwMDB9fQ=="
        }
      ]
    },
    {
      "module": "module.tf-nat",
      "mode": "managed",
      "type": "aws_nat_gateway",
      "name": "nat",
      "provider": "provider[\"registry.terraform.io/hashicorp/aws\"]",
      "instances": [
        {
          "schema_version": 0,
          "attributes": {
            "allocation_id": "eipalloc-0bfaf8d9ead2ac32b",
            "association_id": "eipassoc-0d92c4d81195d704f",
            "connectivity_type": "public",
            "id": "nat-0f5431b324f8903f2",
            "network_interface_id": "eni-0798b8250cae35e1f",
            "private_ip": "10.0.0.133",
            "public_ip": "52.206.45.81",
            "subnet_id": "subnet-06c28c51eb4c549c6",
            "tags": {
              "Name": "sprints-NAT"
            },
            "tags_all": {
              "Name": "sprints-NAT"
            }
          },
          "sensitive_attributes": [],
          "private": "bnVsbA==",
          "dependencies": [
            "module.tf-nat.aws_eip.eip",
            "module.tf-subnet.aws_subnet.subnets-pub",
            "module.tf-vpc.aws_vpc.sprints_vpc"
          ]
        }
      ]
    },
    {
      "module": "module.tf-route-table",
      "mode": "managed",
      "type": "aws_route_table",
      "name": "private_rt",
      "provider": "provider[\"registry.terraform.io/hashicorp/aws\"]",
      "instances": [
        {
          "schema_version": 0,
          "attributes": {
            "arn": "arn:aws:ec2:us-east-1:817775426354:route-table/rtb-010e242bfe27361b9",
            "id": "rtb-010e242bfe27361b9",
            "owner_id": "817775426354",
            "propagating_vgws": [],
            "route": [
              {
                "carrier_gateway_id": "",
                "cidr_block": "0.0.0.0/0",
                "core_network_arn": "",
                "destination_prefix_list_id": "",
                "egress_only_gateway_id": "",
                "gateway_id": "",
                "ipv6_cidr_block": "",
                "local_gateway_id": "",
                "nat_gateway_id": "nat-0f5431b324f8903f2",
                "network_interface_id": "",
                "transit_gateway_id": "",
                "vpc_endpoint_id": "",
                "vpc_peering_connection_id": ""
              }
            ],
            "tags": {
              "Name": "private RT"
            },
            "tags_all": {
              "Name": "private RT"
            },
            "timeouts": null,
            "vpc_id": "vpc-0a43a3e161f39d6e8"
          },
          "sensitive_attributes": [],
          "private": "eyJlMmJmYjczMC1lY2FhLTExZTYtOGY4OC0zNDM2M2JjN2M0YzAiOnsiY3JlYXRlIjozMDAwMDAwMDAwMDAsImRlbGV0ZSI6MzAwMDAwMDAwMDAwLCJ1cGRhdGUiOjEyMDAwMDAwMDAwMH19",
          "dependencies": [
            "module.tf-nat.aws_eip.eip",
            "module.tf-nat.aws_nat_gateway.nat",
            "module.tf-subnet.aws_subnet.subnets-pub",
            "module.tf-vpc.aws_vpc.sprints_vpc"
          ]
        }
      ]
    },
    {
      "module": "module.tf-route-table",
      "mode": "managed",
      "type": "aws_route_table",
      "name": "public_rt",
      "provider": "provider[\"registry.terraform.io/hashicorp/aws\"]",
      "instances": [
        {
          "schema_version": 0,
          "attributes": {
            "arn": "arn:aws:ec2:us-east-1:817775426354:route-table/rtb-00d76fa8eb375a217",
            "id": "rtb-00d76fa8eb375a217",
            "owner_id": "817775426354",
            "propagating_vgws": [],
            "route": [
              {
                "carrier_gateway_id": "",
                "cidr_block": "0.0.0.0/0",
                "core_network_arn": "",
                "destination_prefix_list_id": "",
                "egress_only_gateway_id": "",
                "gateway_id": "igw-0c614653809c6f0a4",
                "ipv6_cidr_block": "",
                "local_gateway_id": "",
                "nat_gateway_id": "",
                "network_interface_id": "",
                "transit_gateway_id": "",
                "vpc_endpoint_id": "",
                "vpc_peering_connection_id": ""
              }
            ],
            "tags": {
              "Name": "public RT"
            },
            "tags_all": {
              "Name": "public RT"
            },
            "timeouts": null,
            "vpc_id": "vpc-0a43a3e161f39d6e8"
          },
          "sensitive_attributes": [],
          "private": "eyJlMmJmYjczMC1lY2FhLTExZTYtOGY4OC0zNDM2M2JjN2M0YzAiOnsiY3JlYXRlIjozMDAwMDAwMDAwMDAsImRlbGV0ZSI6MzAwMDAwMDAwMDAwLCJ1cGRhdGUiOjEyMDAwMDAwMDAwMH19",
          "dependencies": [
            "module.tf-igw.aws_internet_gateway.igw",
            "module.tf-vpc.aws_vpc.sprints_vpc"
          ]
        }
      ]
    },
    {
      "module": "module.tf-route-table",
      "mode": "managed",
      "type": "aws_route_table_association",
      "name": "rt_a",
      "provider": "provider[\"registry.terraform.io/hashicorp/aws\"]",
      "instances": [
        {
          "index_key": 0,
          "schema_version": 0,
          "attributes": {
            "gateway_id": "",
            "id": "rtbassoc-06cdef0764d9cf283",
            "route_table_id": "rtb-010e242bfe27361b9",
            "subnet_id": "subnet-00195fda9b0b30b3f",
            "timeouts": null
          },
          "sensitive_attributes": [],
          "private": "eyJlMmJmYjczMC1lY2FhLTExZTYtOGY4OC0zNDM2M2JjN2M0YzAiOnsiY3JlYXRlIjozMDAwMDAwMDAwMDAsImRlbGV0ZSI6MzAwMDAwMDAwMDAwLCJ1cGRhdGUiOjEyMDAwMDAwMDAwMH19",
          "dependencies": [
            "module.tf-nat.aws_eip.eip",
            "module.tf-nat.aws_nat_gateway.nat",
            "module.tf-route-table.aws_route_table.private_rt",
            "module.tf-subnet.aws_subnet.subnets-private",
            "module.tf-subnet.aws_subnet.subnets-pub",
            "module.tf-vpc.aws_vpc.sprints_vpc"
          ]
        },
        {
          "index_key": 1,
          "schema_version": 0,
          "attributes": {
            "gateway_id": "",
            "id": "rtbassoc-060c59e367f33321b",
            "route_table_id": "rtb-010e242bfe27361b9",
            "subnet_id": "subnet-04a98d27b5f221342",
            "timeouts": null
          },
          "sensitive_attributes": [],
          "private": "eyJlMmJmYjczMC1lY2FhLTExZTYtOGY4OC0zNDM2M2JjN2M0YzAiOnsiY3JlYXRlIjozMDAwMDAwMDAwMDAsImRlbGV0ZSI6MzAwMDAwMDAwMDAwLCJ1cGRhdGUiOjEyMDAwMDAwMDAwMH19",
          "dependencies": [
            "module.tf-nat.aws_eip.eip",
            "module.tf-nat.aws_nat_gateway.nat",
            "module.tf-route-table.aws_route_table.private_rt",
            "module.tf-subnet.aws_subnet.subnets-private",
            "module.tf-subnet.aws_subnet.subnets-pub",
            "module.tf-vpc.aws_vpc.sprints_vpc"
          ]
        }
      ]
    },
    {
      "module": "module.tf-route-table",
      "mode": "managed",
      "type": "aws_route_table_association",
      "name": "rt_public",
      "provider": "provider[\"registry.terraform.io/hashicorp/aws\"]",
      "instances": [
        {
          "index_key": 0,
          "schema_version": 0,
          "attributes": {
            "gateway_id": "",
            "id": "rtbassoc-0d637737f62032a23",
            "route_table_id": "rtb-00d76fa8eb375a217",
            "subnet_id": "subnet-06c28c51eb4c549c6",
            "timeouts": null
          },
          "sensitive_attributes": [],
          "private": "eyJlMmJmYjczMC1lY2FhLTExZTYtOGY4OC0zNDM2M2JjN2M0YzAiOnsiY3JlYXRlIjozMDAwMDAwMDAwMDAsImRlbGV0ZSI6MzAwMDAwMDAwMDAwLCJ1cGRhdGUiOjEyMDAwMDAwMDAwMH19",
          "dependencies": [
            "module.tf-igw.aws_internet_gateway.igw",
            "module.tf-route-table.aws_route_table.public_rt",
            "module.tf-subnet.aws_subnet.subnets-pub",
            "module.tf-vpc.aws_vpc.sprints_vpc"
          ]
        },
        {
          "index_key": 1,
          "schema_version": 0,
          "attributes": {
            "gateway_id": "",
            "id": "rtbassoc-01c61e19542d23ff2",
            "route_table_id": "rtb-00d76fa8eb375a217",
            "subnet_id": "subnet-03f508851217417d4",
            "timeouts": null
          },
          "sensitive_attributes": [],
          "private": "eyJlMmJmYjczMC1lY2FhLTExZTYtOGY4OC0zNDM2M2JjN2M0YzAiOnsiY3JlYXRlIjozMDAwMDAwMDAwMDAsImRlbGV0ZSI6MzAwMDAwMDAwMDAwLCJ1cGRhdGUiOjEyMDAwMDAwMDAwMH19",
          "dependencies": [
            "module.tf-igw.aws_internet_gateway.igw",
            "module.tf-route-table.aws_route_table.public_rt",
            "module.tf-subnet.aws_subnet.subnets-pub",
            "module.tf-vpc.aws_vpc.sprints_vpc"
          ]
        }
      ]
    },
    {
      "module": "module.tf-security-group",
      "mode": "managed",
      "type": "aws_security_group",
      "name": "sg_lb_private",
      "provider": "provider[\"registry.terraform.io/hashicorp/aws\"]",
      "instances": [
        {
          "schema_version": 1,
          "attributes": {
            "arn": "arn:aws:ec2:us-east-1:817775426354:security-group/sg-086c07345d5ed183d",
            "description": "Managed by Terraform",
            "egress": [
              {
                "cidr_blocks": [
                  "0.0.0.0/0"
                ],
                "description": "",
                "from_port": 0,
                "ipv6_cidr_blocks": [],
                "prefix_list_ids": [],
                "protocol": "-1",
                "security_groups": [],
                "self": false,
                "to_port": 0
              }
            ],
            "id": "sg-086c07345d5ed183d",
            "ingress": [
              {
                "cidr_blocks": [
                  "0.0.0.0/0"
                ],
                "description": "",
                "from_port": 80,
                "ipv6_cidr_blocks": [],
                "prefix_list_ids": [],
                "protocol": "tcp",
                "security_groups": [],
                "self": false,
                "to_port": 80
              }
            ],
            "name": "terraform-20230717155415516200000003",
            "name_prefix": "terraform-",
            "owner_id": "817775426354",
            "revoke_rules_on_delete": false,
            "tags": {
              "Name": "Private-sg-lb"
            },
            "tags_all": {
              "Name": "Private-sg-lb"
            },
            "timeouts": null,
            "vpc_id": "vpc-0a43a3e161f39d6e8"
          },
          "sensitive_attributes": [],
          "private": "eyJlMmJmYjczMC1lY2FhLTExZTYtOGY4OC0zNDM2M2JjN2M0YzAiOnsiY3JlYXRlIjo2MDAwMDAwMDAwMDAsImRlbGV0ZSI6OTAwMDAwMDAwMDAwfSwic2NoZW1hX3ZlcnNpb24iOiIxIn0=",
          "dependencies": [
            "module.tf-vpc.aws_vpc.sprints_vpc"
          ]
        }
      ]
    },
    {
      "module": "module.tf-security-group",
      "mode": "managed",
      "type": "aws_security_group",
      "name": "sg_lb_pub",
      "provider": "provider[\"registry.terraform.io/hashicorp/aws\"]",
      "instances": [
        {
          "schema_version": 1,
          "attributes": {
            "arn": "arn:aws:ec2:us-east-1:817775426354:security-group/sg-0db58ce4c76e125fe",
            "description": "Managed by Terraform",
            "egress": [
              {
                "cidr_blocks": [
                  "0.0.0.0/0"
                ],
                "description": "",
                "from_port": 0,
                "ipv6_cidr_blocks": [],
                "prefix_list_ids": [],
                "protocol": "-1",
                "security_groups": [],
                "self": false,
                "to_port": 0
              }
            ],
            "id": "sg-0db58ce4c76e125fe",
            "ingress": [
              {
                "cidr_blocks": [
                  "0.0.0.0/0"
                ],
                "description": "",
                "from_port": 80,
                "ipv6_cidr_blocks": [],
                "prefix_list_ids": [],
                "protocol": "tcp",
                "security_groups": [],
                "self": false,
                "to_port": 80
              }
            ],
            "name": "terraform-20230717155413674000000001",
            "name_prefix": "terraform-",
            "owner_id": "817775426354",
            "revoke_rules_on_delete": false,
            "tags": {
              "Name": "Pubile-sg-lb"
            },
            "tags_all": {
              "Name": "Pubile-sg-lb"
            },
            "timeouts": null,
            "vpc_id": "vpc-0a43a3e161f39d6e8"
          },
          "sensitive_attributes": [],
          "private": "eyJlMmJmYjczMC1lY2FhLTExZTYtOGY4OC0zNDM2M2JjN2M0YzAiOnsiY3JlYXRlIjo2MDAwMDAwMDAwMDAsImRlbGV0ZSI6OTAwMDAwMDAwMDAwfSwic2NoZW1hX3ZlcnNpb24iOiIxIn0=",
          "dependencies": [
            "module.tf-vpc.aws_vpc.sprints_vpc"
          ]
        }
      ]
    },
    {
      "module": "module.tf-security-group",
      "mode": "managed",
      "type": "aws_security_group",
      "name": "sg_pri",
      "provider": "provider[\"registry.terraform.io/hashicorp/aws\"]",
      "instances": [
        {
          "schema_version": 1,
          "attributes": {
            "arn": "arn:aws:ec2:us-east-1:817775426354:security-group/sg-0a0f25d70a04b38b5",
            "description": "Managed by Terraform",
            "egress": [
              {
                "cidr_blocks": [
                  "0.0.0.0/0"
                ],
                "description": "",
                "from_port": 0,
                "ipv6_cidr_blocks": [],
                "prefix_list_ids": [],
                "protocol": "-1",
                "security_groups": [],
                "self": false,
                "to_port": 0
              }
            ],
            "id": "sg-0a0f25d70a04b38b5",
            "ingress": [
              {
                "cidr_blocks": [
                  "0.0.0.0/0"
                ],
                "description": "",
                "from_port": 80,
                "ipv6_cidr_blocks": [],
                "prefix_list_ids": [],
                "protocol": "tcp",
                "security_groups": [],
                "self": false,
                "to_port": 80
              }
            ],
            "name": "terraform-20230717155415394500000002",
            "name_prefix": "terraform-",
            "owner_id": "817775426354",
            "revoke_rules_on_delete": false,
            "tags": {
              "Name": "Private-sg"
            },
            "tags_all": {
              "Name": "Private-sg"
            },
            "timeouts": null,
            "vpc_id": "vpc-0a43a3e161f39d6e8"
          },
          "sensitive_attributes": [],
          "private": "eyJlMmJmYjczMC1lY2FhLTExZTYtOGY4OC0zNDM2M2JjN2M0YzAiOnsiY3JlYXRlIjo2MDAwMDAwMDAwMDAsImRlbGV0ZSI6OTAwMDAwMDAwMDAwfSwic2NoZW1hX3ZlcnNpb24iOiIxIn0=",
          "dependencies": [
            "module.tf-vpc.aws_vpc.sprints_vpc"
          ]
        }
      ]
    },
    {
      "module": "module.tf-security-group",
      "mode": "managed",
      "type": "aws_security_group",
      "name": "sg_pub",
      "provider": "provider[\"registry.terraform.io/hashicorp/aws\"]",
      "instances": [
        {
          "schema_version": 1,
          "attributes": {
            "arn": "arn:aws:ec2:us-east-1:817775426354:security-group/sg-0d2751d25f646b05a",
            "description": "Managed by Terraform",
            "egress": [
              {
                "cidr_blocks": [
                  "0.0.0.0/0"
                ],
                "description": "",
                "from_port": 0,
                "ipv6_cidr_blocks": [],
                "prefix_list_ids": [],
                "protocol": "-1",
                "security_groups": [],
                "self": false,
                "to_port": 0
              }
            ],
            "id": "sg-0d2751d25f646b05a",
            "ingress": [
              {
                "cidr_blocks": [
                  "0.0.0.0/0"
                ],
                "description": "",
                "from_port": 22,
                "ipv6_cidr_blocks": [],
                "prefix_list_ids": [],
                "protocol": "tcp",
                "security_groups": [],
                "self": false,
                "to_port": 22
              },
              {
                "cidr_blocks": [
                  "0.0.0.0/0"
                ],
                "description": "",
                "from_port": 443,
                "ipv6_cidr_blocks": [],
                "prefix_list_ids": [],
                "protocol": "tcp",
                "security_groups": [],
                "self": false,
                "to_port": 443
              },
              {
                "cidr_blocks": [
                  "0.0.0.0/0"
                ],
                "description": "",
                "from_port": 80,
                "ipv6_cidr_blocks": [],
                "prefix_list_ids": [],
                "protocol": "tcp",
                "security_groups": [],
                "self": false,
                "to_port": 80
              }
            ],
            "name": "terraform-20230717155415685300000004",
            "name_prefix": "terraform-",
            "owner_id": "817775426354",
            "revoke_rules_on_delete": false,
            "tags": {
              "Name": "Public-sg"
            },
            "tags_all": {
              "Name": "Public-sg"
            },
            "timeouts": null,
            "vpc_id": "vpc-0a43a3e161f39d6e8"
          },
          "sensitive_attributes": [],
          "private": "eyJlMmJmYjczMC1lY2FhLTExZTYtOGY4OC0zNDM2M2JjN2M0YzAiOnsiY3JlYXRlIjo2MDAwMDAwMDAwMDAsImRlbGV0ZSI6OTAwMDAwMDAwMDAwfSwic2NoZW1hX3ZlcnNpb24iOiIxIn0=",
          "dependencies": [
            "module.tf-vpc.aws_vpc.sprints_vpc"
          ]
        }
      ]
    },
    {
      "module": "module.tf-subnet",
      "mode": "managed",
      "type": "aws_subnet",
      "name": "subnets-private",
      "provider": "provider[\"registry.terraform.io/hashicorp/aws\"]",
      "instances": [
        {
          "index_key": "private-subnet1",
          "schema_version": 1,
          "attributes": {
            "arn": "arn:aws:ec2:us-east-1:817775426354:subnet/subnet-00195fda9b0b30b3f",
            "assign_ipv6_address_on_creation": false,
            "availability_zone": "us-east-1a",
            "availability_zone_id": "use1-az2",
            "cidr_block": "10.0.1.0/24",
            "customer_owned_ipv4_pool": "",
            "enable_dns64": false,
            "enable_lni_at_device_index": 0,
            "enable_resource_name_dns_a_record_on_launch": false,
            "enable_resource_name_dns_aaaa_record_on_launch": false,
            "id": "subnet-00195fda9b0b30b3f",
            "ipv6_cidr_block": "",
            "ipv6_cidr_block_association_id": "",
            "ipv6_native": false,
            "map_customer_owned_ip_on_launch": false,
            "map_public_ip_on_launch": false,
            "outpost_arn": "",
            "owner_id": "817775426354",
            "private_dns_hostname_type_on_launch": "ip-name",
            "tags": {
              "Name": "private-Sub 1"
            },
            "tags_all": {
              "Name": "private-Sub 1"
            },
            "timeouts": null,
            "vpc_id": "vpc-0a43a3e161f39d6e8"
          },
          "sensitive_attributes": [],
          "private": "eyJlMmJmYjczMC1lY2FhLTExZTYtOGY4OC0zNDM2M2JjN2M0YzAiOnsiY3JlYXRlIjo2MDAwMDAwMDAwMDAsImRlbGV0ZSI6MTIwMDAwMDAwMDAwMH0sInNjaGVtYV92ZXJzaW9uIjoiMSJ9",
          "dependencies": [
            "module.tf-vpc.aws_vpc.sprints_vpc"
          ]
        },
        {
          "index_key": "private-subnet2",
          "schema_version": 1,
          "attributes": {
            "arn": "arn:aws:ec2:us-east-1:817775426354:subnet/subnet-04a98d27b5f221342",
            "assign_ipv6_address_on_creation": false,
            "availability_zone": "us-east-1b",
            "availability_zone_id": "use1-az4",
            "cidr_block": "10.0.3.0/24",
            "customer_owned_ipv4_pool": "",
            "enable_dns64": false,
            "enable_lni_at_device_index": 0,
            "enable_resource_name_dns_a_record_on_launch": false,
            "enable_resource_name_dns_aaaa_record_on_launch": false,
            "id": "subnet-04a98d27b5f221342",
            "ipv6_cidr_block": "",
            "ipv6_cidr_block_association_id": "",
            "ipv6_native": false,
            "map_customer_owned_ip_on_launch": false,
            "map_public_ip_on_launch": false,
            "outpost_arn": "",
            "owner_id": "817775426354",
            "private_dns_hostname_type_on_launch": "ip-name",
            "tags": {
              "Name": "private-Sub 2"
            },
            "tags_all": {
              "Name": "private-Sub 2"
            },
            "timeouts": null,
            "vpc_id": "vpc-0a43a3e161f39d6e8"
          },
          "sensitive_attributes": [],
          "private": "eyJlMmJmYjczMC1lY2FhLTExZTYtOGY4OC0zNDM2M2JjN2M0YzAiOnsiY3JlYXRlIjo2MDAwMDAwMDAwMDAsImRlbGV0ZSI6MTIwMDAwMDAwMDAwMH0sInNjaGVtYV92ZXJzaW9uIjoiMSJ9",
          "dependencies": [
            "module.tf-vpc.aws_vpc.sprints_vpc"
          ]
        }
      ]
    },
    {
      "module": "module.tf-subnet",
      "mode": "managed",
      "type": "aws_subnet",
      "name": "subnets-pub",
      "provider": "provider[\"registry.terraform.io/hashicorp/aws\"]",
      "instances": [
        {
          "index_key": "public-subnet1",
          "schema_version": 1,
          "attributes": {
            "arn": "arn:aws:ec2:us-east-1:817775426354:subnet/subnet-06c28c51eb4c549c6",
            "assign_ipv6_address_on_creation": false,
            "availability_zone": "us-east-1a",
            "availability_zone_id": "use1-az2",
            "cidr_block": "10.0.0.0/24",
            "customer_owned_ipv4_pool": "",
            "enable_dns64": false,
            "enable_lni_at_device_index": 0,
            "enable_resource_name_dns_a_record_on_launch": false,
            "enable_resource_name_dns_aaaa_record_on_launch": false,
            "id": "subnet-06c28c51eb4c549c6",
            "ipv6_cidr_block": "",
            "ipv6_cidr_block_association_id": "",
            "ipv6_native": false,
            "map_customer_owned_ip_on_launch": false,
            "map_public_ip_on_launch": false,
            "outpost_arn": "",
            "owner_id": "817775426354",
            "private_dns_hostname_type_on_launch": "ip-name",
            "tags": {
              "Name": "public-Sub 1"
            },
            "tags_all": {
              "Name": "public-Sub 1"
            },
            "timeouts": null,
            "vpc_id": "vpc-0a43a3e161f39d6e8"
          },
          "sensitive_attributes": [],
          "private": "eyJlMmJmYjczMC1lY2FhLTExZTYtOGY4OC0zNDM2M2JjN2M0YzAiOnsiY3JlYXRlIjo2MDAwMDAwMDAwMDAsImRlbGV0ZSI6MTIwMDAwMDAwMDAwMH0sInNjaGVtYV92ZXJzaW9uIjoiMSJ9",
          "dependencies": [
            "module.tf-vpc.aws_vpc.sprints_vpc"
          ]
        },
        {
          "index_key": "public-subnet2",
          "schema_version": 1,
          "attributes": {
            "arn": "arn:aws:ec2:us-east-1:817775426354:subnet/subnet-03f508851217417d4",
            "assign_ipv6_address_on_creation": false,
            "availability_zone": "us-east-1b",
            "availability_zone_id": "use1-az4",
            "cidr_block": "10.0.2.0/24",
            "customer_owned_ipv4_pool": "",
            "enable_dns64": false,
            "enable_lni_at_device_index": 0,
            "enable_resource_name_dns_a_record_on_launch": false,
            "enable_resource_name_dns_aaaa_record_on_launch": false,
            "id": "subnet-03f508851217417d4",
            "ipv6_cidr_block": "",
            "ipv6_cidr_block_association_id": "",
            "ipv6_native": false,
            "map_customer_owned_ip_on_launch": false,
            "map_public_ip_on_launch": false,
            "outpost_arn": "",
            "owner_id": "817775426354",
            "private_dns_hostname_type_on_launch": "ip-name",
            "tags": {
              "Name": "public-Sub 2"
            },
            "tags_all": {
              "Name": "public-Sub 2"
            },
            "timeouts": null,
            "vpc_id": "vpc-0a43a3e161f39d6e8"
          },
          "sensitive_attributes": [],
          "private": "eyJlMmJmYjczMC1lY2FhLTExZTYtOGY4OC0zNDM2M2JjN2M0YzAiOnsiY3JlYXRlIjo2MDAwMDAwMDAwMDAsImRlbGV0ZSI6MTIwMDAwMDAwMDAwMH0sInNjaGVtYV92ZXJzaW9uIjoiMSJ9",
          "dependencies": [
            "module.tf-vpc.aws_vpc.sprints_vpc"
          ]
        }
      ]
    },
    {
      "module": "module.tf-vpc",
      "mode": "managed",
      "type": "aws_vpc",
      "name": "sprints_vpc",
      "provider": "provider[\"registry.terraform.io/hashicorp/aws\"]",
      "instances": [
        {
          "schema_version": 1,
          "attributes": {
            "arn": "arn:aws:ec2:us-east-1:817775426354:vpc/vpc-0a43a3e161f39d6e8",
            "assign_generated_ipv6_cidr_block": false,
            "cidr_block": "10.0.0.0/16",
            "default_network_acl_id": "acl-02b551f22a49a32b8",
            "default_route_table_id": "rtb-02b67adb774e3a727",
            "default_security_group_id": "sg-0c9a72fd364b62840",
            "dhcp_options_id": "dopt-00719136923f1591a",
            "enable_dns_hostnames": false,
            "enable_dns_support": true,
            "enable_network_address_usage_metrics": false,
            "id": "vpc-0a43a3e161f39d6e8",
            "instance_tenancy": "default",
            "ipv4_ipam_pool_id": null,
            "ipv4_netmask_length": null,
            "ipv6_association_id": "",
            "ipv6_cidr_block": "",
            "ipv6_cidr_block_network_border_group": "",
            "ipv6_ipam_pool_id": "",
            "ipv6_netmask_length": 0,
            "main_route_table_id": "rtb-02b67adb774e3a727",
            "owner_id": "817775426354",
            "tags": {
              "Name": "sprints"
            },
            "tags_all": {
              "Name": "sprints"
            }
          },
          "sensitive_attributes": [],
          "private": "eyJzY2hlbWFfdmVyc2lvbiI6IjEifQ=="
        }
      ]
    }
  ],
  "check_results": null
}
